
Microsoft Visual Studio Solution File, Format Version 12.00
# Visual Studio Version 17
VisualStudioVersion = 17.9.34714.143
MinimumVisualStudioVersion = 10.0.40219.1
Project("{FAE04EC0-301F-11D3-BF4B-00C04F79EFBC}") = "Sync", "Sync\Sync.csproj", "{2226F3EB-9E45-4AF1-BE6C-DD06A8675021}"
EndProject
Global
	GlobalSection(SolutionConfigurationPlatforms) = preSolution
		Debug|Any CPU = Debug|Any CPU
		Release|Any CPU = Release|Any CPU
	EndGlobalSection
	GlobalSection(ProjectConfigurationPlatforms) = postSolution
		{2226F3EB-9E45-4AF1-BE6C-DD06A8675021}.Debug|Any CPU.ActiveCfg = Debug|Any CPU
		{2226F3EB-9E45-4AF1-BE6C-DD06A8675021}.Debug|Any CPU.Build.0 = Debug|Any CPU
		{2226F3EB-9E45-4AF1-BE6C-DD06A8675021}.Release|Any CPU.ActiveCfg = Release|Any CPU
		{2226F3EB-9E45-4AF1-BE6C-DD06A8675021}.Release|Any CPU.Build.0 = Release|Any CPU
	EndGlobalSection
	GlobalSection(SolutionProperties) = preSolution
		HideSolutionNode = FALSE
	EndGlobalSection
	GlobalSection(ExtensibilityGlobals) = postSolution
		SolutionGuid = {7F956C56-24FA-4231-B0A6-F25C4FD31BE8}
	EndGlobalSection
EndGlobal
