
Microsoft Visual Studio Solution File, Format Version 12.00
# Visual Studio Version 17
VisualStudioVersion = 17.9.34622.214
MinimumVisualStudioVersion = 10.0.40219.1
Project("{9A19103F-16F7-4668-BE54-9A1E7A4F7556}") = "Sync", "Sync.csproj", "{1F2039D7-3A7E-4A01-A573-2F6A77DF2431}"
EndProject
Global
	GlobalSection(SolutionConfigurationPlatforms) = preSolution
		Debug|Any CPU = Debug|Any CPU
		Release|Any CPU = Release|Any CPU
	EndGlobalSection
	GlobalSection(ProjectConfigurationPlatforms) = postSolution
		{1F2039D7-3A7E-4A01-A573-2F6A77DF2431}.Debug|Any CPU.ActiveCfg = Debug|Any CPU
		{1F2039D7-3A7E-4A01-A573-2F6A77DF2431}.Debug|Any CPU.Build.0 = Debug|Any CPU
		{1F2039D7-3A7E-4A01-A573-2F6A77DF2431}.Release|Any CPU.ActiveCfg = Release|Any CPU
		{1F2039D7-3A7E-4A01-A573-2F6A77DF2431}.Release|Any CPU.Build.0 = Release|Any CPU
	EndGlobalSection
	GlobalSection(SolutionProperties) = preSolution
		HideSolutionNode = FALSE
	EndGlobalSection
	GlobalSection(ExtensibilityGlobals) = postSolution
		SolutionGuid = {52BD4D03-13E4-4FE4-B48C-5A6347224F22}
	EndGlobalSection
EndGlobal
