
Microsoft Visual Studio Solution File, Format Version 12.00
# Visual Studio Version 17
VisualStudioVersion = 17.7.34024.191
MinimumVisualStudioVersion = 10.0.40219.1
Project("{FAE04EC0-301F-11D3-BF4B-00C04F79EFBC}") = "sync_music_service", "sync_music_service\sync_music_service.csproj", "{368F0ED1-D04E-4AA5-AB7B-EF15381B3677}"
EndProject
Global
	GlobalSection(SolutionConfigurationPlatforms) = preSolution
		Debug|Any CPU = Debug|Any CPU
		Release|Any CPU = Release|Any CPU
	EndGlobalSection
	GlobalSection(ProjectConfigurationPlatforms) = postSolution
		{368F0ED1-D04E-4AA5-AB7B-EF15381B3677}.Debug|Any CPU.ActiveCfg = Debug|Any CPU
		{368F0ED1-D04E-4AA5-AB7B-EF15381B3677}.Debug|Any CPU.Build.0 = Debug|Any CPU
		{368F0ED1-D04E-4AA5-AB7B-EF15381B3677}.Release|Any CPU.ActiveCfg = Release|Any CPU
		{368F0ED1-D04E-4AA5-AB7B-EF15381B3677}.Release|Any CPU.Build.0 = Release|Any CPU
	EndGlobalSection
	GlobalSection(SolutionProperties) = preSolution
		HideSolutionNode = FALSE
	EndGlobalSection
	GlobalSection(ExtensibilityGlobals) = postSolution
		SolutionGuid = {0ADFFE92-A80E-4250-B6F2-F67C14C0EBBC}
	EndGlobalSection
EndGlobal
